
Microsoft Visual Studio Solution File, Format Version 12.00
# Visual Studio Version 17
VisualStudioVersion = 17.8.34525.116
MinimumVisualStudioVersion = 10.0.40219.1
Project("{FAE04EC0-301F-11D3-BF4B-00C04F79EFBC}") = "tema4", "tema4\tema4.csproj", "{9262008C-790E-4476-8A0F-C13997DF63DD}"
EndProject
Global
	GlobalSection(SolutionConfigurationPlatforms) = preSolution
		Debug|Any CPU = Debug|Any CPU
		Release|Any CPU = Release|Any CPU
	EndGlobalSection
	GlobalSection(ProjectConfigurationPlatforms) = postSolution
		{9262008C-790E-4476-8A0F-C13997DF63DD}.Debug|Any CPU.ActiveCfg = Debug|Any CPU
		{9262008C-790E-4476-8A0F-C13997DF63DD}.Debug|Any CPU.Build.0 = Debug|Any CPU
		{9262008C-790E-4476-8A0F-C13997DF63DD}.Release|Any CPU.ActiveCfg = Release|Any CPU
		{9262008C-790E-4476-8A0F-C13997DF63DD}.Release|Any CPU.Build.0 = Release|Any CPU
	EndGlobalSection
	GlobalSection(SolutionProperties) = preSolution
		HideSolutionNode = FALSE
	EndGlobalSection
	GlobalSection(ExtensibilityGlobals) = postSolution
		SolutionGuid = {9DE9B671-128A-49D9-9E22-851C00621770}
	EndGlobalSection
EndGlobal
